
Microsoft Visual Studio Solution File, Format Version 12.00
# Visual Studio 15
VisualStudioVersion = 15.0.28307.539
MinimumVisualStudioVersion = 10.0.40219.1
Project("{FAE04EC0-301F-11D3-BF4B-00C04F79EFBC}") = "OrderProcessed", "OrderProcessed\OrderProcessed.csproj", "{FB01E5BC-CD7A-4293-8A04-9451FFF4E282}"
EndProject
Project("{FAE04EC0-301F-11D3-BF4B-00C04F79EFBC}") = "Order", "Order\Order.csproj", "{4E73C4E7-6511-4EBD-9ED0-31D24328F056}"
EndProject
Project("{FAE04EC0-301F-11D3-BF4B-00C04F79EFBC}") = "Model", "Model\Model.csproj", "{A87A9D30-A82E-4E21-A7E4-DB2C48AF522E}"
EndProject
Global
	GlobalSection(SolutionConfigurationPlatforms) = preSolution
		Debug|Any CPU = Debug|Any CPU
		Release|Any CPU = Release|Any CPU
	EndGlobalSection
	GlobalSection(ProjectConfigurationPlatforms) = postSolution
		{FB01E5BC-CD7A-4293-8A04-9451FFF4E282}.Debug|Any CPU.ActiveCfg = Debug|Any CPU
		{FB01E5BC-CD7A-4293-8A04-9451FFF4E282}.Debug|Any CPU.Build.0 = Debug|Any CPU
		{FB01E5BC-CD7A-4293-8A04-9451FFF4E282}.Release|Any CPU.ActiveCfg = Release|Any CPU
		{FB01E5BC-CD7A-4293-8A04-9451FFF4E282}.Release|Any CPU.Build.0 = Release|Any CPU
		{4E73C4E7-6511-4EBD-9ED0-31D24328F056}.Debug|Any CPU.ActiveCfg = Debug|Any CPU
		{4E73C4E7-6511-4EBD-9ED0-31D24328F056}.Debug|Any CPU.Build.0 = Debug|Any CPU
		{4E73C4E7-6511-4EBD-9ED0-31D24328F056}.Release|Any CPU.ActiveCfg = Release|Any CPU
		{4E73C4E7-6511-4EBD-9ED0-31D24328F056}.Release|Any CPU.Build.0 = Release|Any CPU
		{A87A9D30-A82E-4E21-A7E4-DB2C48AF522E}.Debug|Any CPU.ActiveCfg = Debug|Any CPU
		{A87A9D30-A82E-4E21-A7E4-DB2C48AF522E}.Debug|Any CPU.Build.0 = Debug|Any CPU
		{A87A9D30-A82E-4E21-A7E4-DB2C48AF522E}.Release|Any CPU.ActiveCfg = Release|Any CPU
		{A87A9D30-A82E-4E21-A7E4-DB2C48AF522E}.Release|Any CPU.Build.0 = Release|Any CPU
	EndGlobalSection
	GlobalSection(SolutionProperties) = preSolution
		HideSolutionNode = FALSE
	EndGlobalSection
	GlobalSection(ExtensibilityGlobals) = postSolution
		SolutionGuid = {24F3B2CD-050D-485D-86BE-794D918D1A50}
	EndGlobalSection
EndGlobal
