
Microsoft Visual Studio Solution File, Format Version 12.00
# Visual Studio 15
VisualStudioVersion = 15.0.28307.539
MinimumVisualStudioVersion = 10.0.40219.1
Project("{FAE04EC0-301F-11D3-BF4B-00C04F79EFBC}") = "PlaceOrder", "PlaceOrder\PlaceOrder.csproj", "{3B0A236B-1151-4064-B300-C4BD4B66842E}"
EndProject
Project("{FAE04EC0-301F-11D3-BF4B-00C04F79EFBC}") = "Order", "Order\Order.csproj", "{C109E5DF-1EDE-4C3C-BC95-C6F967F6C7EA}"
EndProject
Project("{FAE04EC0-301F-11D3-BF4B-00C04F79EFBC}") = "Model", "Model\Model.csproj", "{B85A20EA-63B9-4F25-9E3E-E58F8140EA3C}"
EndProject
Project("{FAE04EC0-301F-11D3-BF4B-00C04F79EFBC}") = "PlatformTools", "PlatformTools\PlatformTools.csproj", "{E68914E5-4DB1-4206-BDFF-AB18FC8B2FBF}"
EndProject
Global
	GlobalSection(SolutionConfigurationPlatforms) = preSolution
		Debug|Any CPU = Debug|Any CPU
		Release|Any CPU = Release|Any CPU
	EndGlobalSection
	GlobalSection(ProjectConfigurationPlatforms) = postSolution
		{3B0A236B-1151-4064-B300-C4BD4B66842E}.Debug|Any CPU.ActiveCfg = Debug|Any CPU
		{3B0A236B-1151-4064-B300-C4BD4B66842E}.Debug|Any CPU.Build.0 = Debug|Any CPU
		{3B0A236B-1151-4064-B300-C4BD4B66842E}.Release|Any CPU.ActiveCfg = Release|Any CPU
		{3B0A236B-1151-4064-B300-C4BD4B66842E}.Release|Any CPU.Build.0 = Release|Any CPU
		{C109E5DF-1EDE-4C3C-BC95-C6F967F6C7EA}.Debug|Any CPU.ActiveCfg = Debug|Any CPU
		{C109E5DF-1EDE-4C3C-BC95-C6F967F6C7EA}.Debug|Any CPU.Build.0 = Debug|Any CPU
		{C109E5DF-1EDE-4C3C-BC95-C6F967F6C7EA}.Release|Any CPU.ActiveCfg = Release|Any CPU
		{C109E5DF-1EDE-4C3C-BC95-C6F967F6C7EA}.Release|Any CPU.Build.0 = Release|Any CPU
		{B85A20EA-63B9-4F25-9E3E-E58F8140EA3C}.Debug|Any CPU.ActiveCfg = Debug|Any CPU
		{B85A20EA-63B9-4F25-9E3E-E58F8140EA3C}.Debug|Any CPU.Build.0 = Debug|Any CPU
		{B85A20EA-63B9-4F25-9E3E-E58F8140EA3C}.Release|Any CPU.ActiveCfg = Release|Any CPU
		{B85A20EA-63B9-4F25-9E3E-E58F8140EA3C}.Release|Any CPU.Build.0 = Release|Any CPU
		{E68914E5-4DB1-4206-BDFF-AB18FC8B2FBF}.Debug|Any CPU.ActiveCfg = Debug|Any CPU
		{E68914E5-4DB1-4206-BDFF-AB18FC8B2FBF}.Debug|Any CPU.Build.0 = Debug|Any CPU
		{E68914E5-4DB1-4206-BDFF-AB18FC8B2FBF}.Release|Any CPU.ActiveCfg = Release|Any CPU
		{E68914E5-4DB1-4206-BDFF-AB18FC8B2FBF}.Release|Any CPU.Build.0 = Release|Any CPU
	EndGlobalSection
	GlobalSection(SolutionProperties) = preSolution
		HideSolutionNode = FALSE
	EndGlobalSection
	GlobalSection(ExtensibilityGlobals) = postSolution
		SolutionGuid = {E7886DDD-F339-4DAD-8B43-B92B17AD9DE5}
	EndGlobalSection
EndGlobal
